// !$*UTF8*$!
{
	archiveVersion = 1;
	classes = {
	};
	objectVersion = 51;
	objects = {

/* Begin PBXBuildFile section */
		E40B55FA22AB5AF500EF455C /* VisitorCenter.swift in Sources */ = {isa = PBXBuildFile; fileRef = E40B55F922AB5AF500EF455C /* VisitorCenter.swift */; };
		E40B55FC22AB5F2800EF455C /* MoreInfoViewController.swift in Sources */ = {isa = PBXBuildFile; fileRef = E40B55FB22AB5F2800EF455C /* MoreInfoViewController.swift */; };
		E44146FF26F64CB2005874A8 /* Pods_CapitalOneSES_August2019Submit.framework in Frameworks */ = {isa = PBXBuildFile; fileRef = E44146FE26F64CB2005874A8 /* Pods_CapitalOneSES_August2019Submit.framework */; };
		E45FBD0922AD894500A9570F /* Alerts.swift in Sources */ = {isa = PBXBuildFile; fileRef = E45FBD0822AD894500A9570F /* Alerts.swift */; };
		E45FBD0B22ADBE9800A9570F /* Campgrounds.swift in Sources */ = {isa = PBXBuildFile; fileRef = E45FBD0A22ADBE9800A9570F /* Campgrounds.swift */; };
		E45FBD0F22ADC6DE00A9570F /* CampgroundsTableViewController.swift in Sources */ = {isa = PBXBuildFile; fileRef = E45FBD0E22ADC6DE00A9570F /* CampgroundsTableViewController.swift */; };
		E45FBD1122ADCCED00A9570F /* CampgroundsTableViewCell.swift in Sources */ = {isa = PBXBuildFile; fileRef = E45FBD1022ADCCED00A9570F /* CampgroundsTableViewCell.swift */; };
		E47F66F6258FF17B00E0A42C /* Main-Pad.storyboard in Resources */ = {isa = PBXBuildFile; fileRef = E47F66F4258FF17B00E0A42C /* Main-Pad.storyboard */; };
		E49019182297BF3000B42A87 /* SelectedParkViewController.swift in Sources */ = {isa = PBXBuildFile; fileRef = E49019172297BF3000B42A87 /* SelectedParkViewController.swift */; };
		E49CCD8022B1391700F53ECE /* MoreInfoTableViewCell.swift in Sources */ = {isa = PBXBuildFile; fileRef = E49CCD7F22B1391700F53ECE /* MoreInfoTableViewCell.swift */; };
		E49CCD8222B15F2D00F53ECE /* slideshowCollectionViewCell.swift in Sources */ = {isa = PBXBuildFile; fileRef = E49CCD8122B15F2D00F53ECE /* slideshowCollectionViewCell.swift */; };
		E4C5C8D322B3F5CC00F234DA /* MapViewController.swift in Sources */ = {isa = PBXBuildFile; fileRef = E4C5C8D222B3F5CC00F234DA /* MapViewController.swift */; };
		E4CFEA0B22AEF307006E5C48 /* Events.swift in Sources */ = {isa = PBXBuildFile; fileRef = E4CFEA0A22AEF307006E5C48 /* Events.swift */; };
		E4CFEA0D22AEF3E1006E5C48 /* EventsTableViewController.swift in Sources */ = {isa = PBXBuildFile; fileRef = E4CFEA0C22AEF3E1006E5C48 /* EventsTableViewController.swift */; };
		E4CFEA0F22AEF3EE006E5C48 /* EventsTableViewCell.swift in Sources */ = {isa = PBXBuildFile; fileRef = E4CFEA0E22AEF3EE006E5C48 /* EventsTableViewCell.swift */; };
		E4D0BC8822B0247100C7AF98 /* Education.swift in Sources */ = {isa = PBXBuildFile; fileRef = E4D0BC8722B0247100C7AF98 /* Education.swift */; };
		E4D0BC9522B0296300C7AF98 /* QuestionTableViewCell.swift in Sources */ = {isa = PBXBuildFile; fileRef = E4D0BC9422B0296300C7AF98 /* QuestionTableViewCell.swift */; };
		E4D0BC9722B029D600C7AF98 /* EducationViewController.swift in Sources */ = {isa = PBXBuildFile; fileRef = E4D0BC9622B029D600C7AF98 /* EducationViewController.swift */; };
		E4D0BC9922B0524100C7AF98 /* CopyPaste.swift in Sources */ = {isa = PBXBuildFile; fileRef = E4D0BC9822B0524100C7AF98 /* CopyPaste.swift */; };
		E4D6302222B1F7D600225A20 /* searchResultsTableViewCell.swift in Sources */ = {isa = PBXBuildFile; fileRef = E4D6302122B1F7D600225A20 /* searchResultsTableViewCell.swift */; };
		E4D898042293A49B000419B2 /* AppDelegate.swift in Sources */ = {isa = PBXBuildFile; fileRef = E4D898032293A49B000419B2 /* AppDelegate.swift */; };
		E4D898062293A49B000419B2 /* ViewController.swift in Sources */ = {isa = PBXBuildFile; fileRef = E4D898052293A49B000419B2 /* ViewController.swift */; };
		E4D898092293A49B000419B2 /* Main.storyboard in Resources */ = {isa = PBXBuildFile; fileRef = E4D898072293A49B000419B2 /* Main.storyboard */; };
		E4D8980B2293A49C000419B2 /* Assets.xcassets in Resources */ = {isa = PBXBuildFile; fileRef = E4D8980A2293A49C000419B2 /* Assets.xcassets */; };
		E4D8980E2293A49C000419B2 /* LaunchScreen.storyboard in Resources */ = {isa = PBXBuildFile; fileRef = E4D8980C2293A49C000419B2 /* LaunchScreen.storyboard */; };
		E4D898182293B3CD000419B2 /* Park.swift in Sources */ = {isa = PBXBuildFile; fileRef = E4D898172293B3CD000419B2 /* Park.swift */; };
		E4D8981A2293B8FA000419B2 /* ParkListTableViewController.swift in Sources */ = {isa = PBXBuildFile; fileRef = E4D898192293B8FA000419B2 /* ParkListTableViewController.swift */; };
		E4D8981C2293B97A000419B2 /* URL+Helpers.swift in Sources */ = {isa = PBXBuildFile; fileRef = E4D8981B2293B97A000419B2 /* URL+Helpers.swift */; };
		E4D8981E2293B983000419B2 /* StoreItemsController.swift in Sources */ = {isa = PBXBuildFile; fileRef = E4D8981D2293B983000419B2 /* StoreItemsController.swift */; };
		E4FAAEFD22B09E9B000E62EC /* News.swift in Sources */ = {isa = PBXBuildFile; fileRef = E4FAAEFC22B09E9B000E62EC /* News.swift */; };
		E4FAAEFF22B09EA8000E62EC /* NewsViewController.swift in Sources */ = {isa = PBXBuildFile; fileRef = E4FAAEFE22B09EA8000E62EC /* NewsViewController.swift */; };
		E4FAAF0122B09EC5000E62EC /* NewsTableViewCell.swift in Sources */ = {isa = PBXBuildFile; fileRef = E4FAAF0022B09EC5000E62EC /* NewsTableViewCell.swift */; };
/* End PBXBuildFile section */

/* Begin PBXFileReference section */
		854A606FFA9D3BCE5B030843 /* Pods_CapitalOneSES_August2019Submit.framework */ = {isa = PBXFileReference; explicitFileType = wrapper.framework; includeInIndex = 0; path = Pods_CapitalOneSES_August2019Submit.framework; sourceTree = BUILT_PRODUCTS_DIR; };
		9F619C2E97BC30FF7DF278AC /* Pods-CapitalOneSES-August2019Submit.release.xcconfig */ = {isa = PBXFileReference; includeInIndex = 1; lastKnownFileType = text.xcconfig; name = "Pods-CapitalOneSES-August2019Submit.release.xcconfig"; path = "Target Support Files/Pods-CapitalOneSES-August2019Submit/Pods-CapitalOneSES-August2019Submit.release.xcconfig"; sourceTree = "<group>"; };
		B5850451EE9C55099C4F46DC /* Pods-CapitalOneSES-August2019Submit.debug.xcconfig */ = {isa = PBXFileReference; includeInIndex = 1; lastKnownFileType = text.xcconfig; name = "Pods-CapitalOneSES-August2019Submit.debug.xcconfig"; path = "Target Support Files/Pods-CapitalOneSES-August2019Submit/Pods-CapitalOneSES-August2019Submit.debug.xcconfig"; sourceTree = "<group>"; };
		E40B55F922AB5AF500EF455C /* VisitorCenter.swift */ = {isa = PBXFileReference; lastKnownFileType = sourcecode.swift; path = VisitorCenter.swift; sourceTree = "<group>"; };
		E40B55FB22AB5F2800EF455C /* MoreInfoViewController.swift */ = {isa = PBXFileReference; lastKnownFileType = sourcecode.swift; path = MoreInfoViewController.swift; sourceTree = "<group>"; };
		E44146FC26F64C77005874A8 /* GoogleMobileAds.xcframework */ = {isa = PBXFileReference; lastKnownFileType = wrapper.xcframework; name = GoogleMobileAds.xcframework; path = "Pods/Google-Mobile-Ads-SDK/Frameworks/GoogleMobileAdsFramework-Current/GoogleMobileAds.xcframework"; sourceTree = "<group>"; };
		E44146FE26F64CB2005874A8 /* Pods_CapitalOneSES_August2019Submit.framework */ = {isa = PBXFileReference; explicitFileType = wrapper.framework; path = Pods_CapitalOneSES_August2019Submit.framework; sourceTree = BUILT_PRODUCTS_DIR; };
		E45FBD0822AD894500A9570F /* Alerts.swift */ = {isa = PBXFileReference; lastKnownFileType = sourcecode.swift; path = Alerts.swift; sourceTree = "<group>"; };
		E45FBD0A22ADBE9800A9570F /* Campgrounds.swift */ = {isa = PBXFileReference; lastKnownFileType = sourcecode.swift; path = Campgrounds.swift; sourceTree = "<group>"; };
		E45FBD0E22ADC6DE00A9570F /* CampgroundsTableViewController.swift */ = {isa = PBXFileReference; lastKnownFileType = sourcecode.swift; path = CampgroundsTableViewController.swift; sourceTree = "<group>"; };
		E45FBD1022ADCCED00A9570F /* CampgroundsTableViewCell.swift */ = {isa = PBXFileReference; lastKnownFileType = sourcecode.swift; path = CampgroundsTableViewCell.swift; sourceTree = "<group>"; };
		E47F66F5258FF17B00E0A42C /* Base */ = {isa = PBXFileReference; lastKnownFileType = file.storyboard; name = Base; path = "CapitalOneSES-August2019Submit/Base.lproj/Main-Pad.storyboard"; sourceTree = "<group>"; };
		E49019172297BF3000B42A87 /* SelectedParkViewController.swift */ = {isa = PBXFileReference; lastKnownFileType = sourcecode.swift; path = SelectedParkViewController.swift; sourceTree = "<group>"; };
		E49CCD7F22B1391700F53ECE /* MoreInfoTableViewCell.swift */ = {isa = PBXFileReference; lastKnownFileType = sourcecode.swift; path = MoreInfoTableViewCell.swift; sourceTree = "<group>"; };
		E49CCD8122B15F2D00F53ECE /* slideshowCollectionViewCell.swift */ = {isa = PBXFileReference; lastKnownFileType = sourcecode.swift; path = slideshowCollectionViewCell.swift; sourceTree = "<group>"; };
		E4C5C8D222B3F5CC00F234DA /* MapViewController.swift */ = {isa = PBXFileReference; lastKnownFileType = sourcecode.swift; path = MapViewController.swift; sourceTree = "<group>"; };
		E4CFEA0A22AEF307006E5C48 /* Events.swift */ = {isa = PBXFileReference; lastKnownFileType = sourcecode.swift; path = Events.swift; sourceTree = "<group>"; };
		E4CFEA0C22AEF3E1006E5C48 /* EventsTableViewController.swift */ = {isa = PBXFileReference; lastKnownFileType = sourcecode.swift; path = EventsTableViewController.swift; sourceTree = "<group>"; };
		E4CFEA0E22AEF3EE006E5C48 /* EventsTableViewCell.swift */ = {isa = PBXFileReference; lastKnownFileType = sourcecode.swift; path = EventsTableViewCell.swift; sourceTree = "<group>"; };
		E4D0BC8722B0247100C7AF98 /* Education.swift */ = {isa = PBXFileReference; lastKnownFileType = sourcecode.swift; path = Education.swift; sourceTree = "<group>"; };
		E4D0BC9422B0296300C7AF98 /* QuestionTableViewCell.swift */ = {isa = PBXFileReference; lastKnownFileType = sourcecode.swift; path = QuestionTableViewCell.swift; sourceTree = "<group>"; };
		E4D0BC9622B029D600C7AF98 /* EducationViewController.swift */ = {isa = PBXFileReference; lastKnownFileType = sourcecode.swift; path = EducationViewController.swift; sourceTree = "<group>"; };
		E4D0BC9822B0524100C7AF98 /* CopyPaste.swift */ = {isa = PBXFileReference; lastKnownFileType = sourcecode.swift; path = CopyPaste.swift; sourceTree = "<group>"; };
		E4D6302122B1F7D600225A20 /* searchResultsTableViewCell.swift */ = {isa = PBXFileReference; lastKnownFileType = sourcecode.swift; path = searchResultsTableViewCell.swift; sourceTree = "<group>"; };
		E4D898002293A49B000419B2 /* CapitalOneSES-August2019Submit.app */ = {isa = PBXFileReference; explicitFileType = wrapper.application; includeInIndex = 0; path = "CapitalOneSES-August2019Submit.app"; sourceTree = BUILT_PRODUCTS_DIR; };
		E4D898032293A49B000419B2 /* AppDelegate.swift */ = {isa = PBXFileReference; lastKnownFileType = sourcecode.swift; path = AppDelegate.swift; sourceTree = "<group>"; };
		E4D898052293A49B000419B2 /* ViewController.swift */ = {isa = PBXFileReference; lastKnownFileType = sourcecode.swift; path = ViewController.swift; sourceTree = "<group>"; };
		E4D898082293A49B000419B2 /* Base */ = {isa = PBXFileReference; lastKnownFileType = file.storyboard; name = Base; path = Base.lproj/Main.storyboard; sourceTree = "<group>"; };
		E4D8980A2293A49C000419B2 /* Assets.xcassets */ = {isa = PBXFileReference; lastKnownFileType = folder.assetcatalog; path = Assets.xcassets; sourceTree = "<group>"; };
		E4D8980D2293A49C000419B2 /* Base */ = {isa = PBXFileReference; lastKnownFileType = file.storyboard; name = Base; path = Base.lproj/LaunchScreen.storyboard; sourceTree = "<group>"; };
		E4D8980F2293A49C000419B2 /* Info.plist */ = {isa = PBXFileReference; lastKnownFileType = text.plist.xml; path = Info.plist; sourceTree = "<group>"; };
		E4D898172293B3CD000419B2 /* Park.swift */ = {isa = PBXFileReference; lastKnownFileType = sourcecode.swift; path = Park.swift; sourceTree = "<group>"; };
		E4D898192293B8FA000419B2 /* ParkListTableViewController.swift */ = {isa = PBXFileReference; lastKnownFileType = sourcecode.swift; path = ParkListTableViewController.swift; sourceTree = "<group>"; };
		E4D8981B2293B97A000419B2 /* URL+Helpers.swift */ = {isa = PBXFileReference; fileEncoding = 4; lastKnownFileType = sourcecode.swift; path = "URL+Helpers.swift"; sourceTree = "<group>"; };
		E4D8981D2293B983000419B2 /* StoreItemsController.swift */ = {isa = PBXFileReference; fileEncoding = 4; lastKnownFileType = sourcecode.swift; path = StoreItemsController.swift; sourceTree = "<group>"; };
		E4FAAEFC22B09E9B000E62EC /* News.swift */ = {isa = PBXFileReference; lastKnownFileType = sourcecode.swift; path = News.swift; sourceTree = "<group>"; };
		E4FAAEFE22B09EA8000E62EC /* NewsViewController.swift */ = {isa = PBXFileReference; lastKnownFileType = sourcecode.swift; path = NewsViewController.swift; sourceTree = "<group>"; };
		E4FAAF0022B09EC5000E62EC /* NewsTableViewCell.swift */ = {isa = PBXFileReference; lastKnownFileType = sourcecode.swift; path = NewsTableViewCell.swift; sourceTree = "<group>"; };
/* End PBXFileReference section */

/* Begin PBXFrameworksBuildPhase section */
		E4D897FD2293A49B000419B2 /* Frameworks */ = {
			isa = PBXFrameworksBuildPhase;
			buildActionMask = 2147483647;
			files = (
				E44146FF26F64CB2005874A8 /* Pods_CapitalOneSES_August2019Submit.framework in Frameworks */,
			);
			runOnlyForDeploymentPostprocessing = 0;
		};
/* End PBXFrameworksBuildPhase section */

/* Begin PBXGroup section */
		18664364C914AA1A2B5E5CE3 /* Pods */ = {
			isa = PBXGroup;
			children = (
				B5850451EE9C55099C4F46DC /* Pods-CapitalOneSES-August2019Submit.debug.xcconfig */,
				9F619C2E97BC30FF7DF278AC /* Pods-CapitalOneSES-August2019Submit.release.xcconfig */,
			);
			path = Pods;
			sourceTree = "<group>";
		};
		D81DCD3695ED032EC4F8CF23 /* Frameworks */ = {
			isa = PBXGroup;
			children = (
				E44146FE26F64CB2005874A8 /* Pods_CapitalOneSES_August2019Submit.framework */,
				E44146FC26F64C77005874A8 /* GoogleMobileAds.xcframework */,
				854A606FFA9D3BCE5B030843 /* Pods_CapitalOneSES_August2019Submit.framework */,
			);
			name = Frameworks;
			sourceTree = "<group>";
		};
		E4D0BC8D22B0261200C7AF98 /* Events */ = {
			isa = PBXGroup;
			children = (
				E4CFEA0A22AEF307006E5C48 /* Events.swift */,
				E4CFEA0C22AEF3E1006E5C48 /* EventsTableViewController.swift */,
				E4CFEA0E22AEF3EE006E5C48 /* EventsTableViewCell.swift */,
			);
			name = Events;
			sourceTree = "<group>";
		};
		E4D0BC8F22B0264600C7AF98 /* Campgrounds */ = {
			isa = PBXGroup;
			children = (
				E45FBD0A22ADBE9800A9570F /* Campgrounds.swift */,
				E45FBD0E22ADC6DE00A9570F /* CampgroundsTableViewController.swift */,
				E45FBD1022ADCCED00A9570F /* CampgroundsTableViewCell.swift */,
			);
			name = Campgrounds;
			sourceTree = "<group>";
		};
		E4D0BC9022B0268800C7AF98 /* VC,Alerts */ = {
			isa = PBXGroup;
			children = (
				E40B55F922AB5AF500EF455C /* VisitorCenter.swift */,
				E45FBD0822AD894500A9570F /* Alerts.swift */,
				E40B55FB22AB5F2800EF455C /* MoreInfoViewController.swift */,
				E49CCD7F22B1391700F53ECE /* MoreInfoTableViewCell.swift */,
			);
			name = "VC,Alerts";
			sourceTree = "<group>";
		};
		E4D0BC9122B026B400C7AF98 /* Education */ = {
			isa = PBXGroup;
			children = (
				E4D0BC8722B0247100C7AF98 /* Education.swift */,
				E4D0BC9622B029D600C7AF98 /* EducationViewController.swift */,
				E4D0BC9422B0296300C7AF98 /* QuestionTableViewCell.swift */,
			);
			name = Education;
			sourceTree = "<group>";
		};
		E4D897F72293A49B000419B2 = {
			isa = PBXGroup;
			children = (
				E4D898022293A49B000419B2 /* CapitalOneSES-August2019Submit */,
				E4D898012293A49B000419B2 /* Products */,
				18664364C914AA1A2B5E5CE3 /* Pods */,
				D81DCD3695ED032EC4F8CF23 /* Frameworks */,
			);
			sourceTree = "<group>";
		};
		E4D898012293A49B000419B2 /* Products */ = {
			isa = PBXGroup;
			children = (
				E4D898002293A49B000419B2 /* CapitalOneSES-August2019Submit.app */,
			);
			name = Products;
			sourceTree = "<group>";
		};
		E4D898022293A49B000419B2 /* CapitalOneSES-August2019Submit */ = {
			isa = PBXGroup;
			children = (
				E4D898032293A49B000419B2 /* AppDelegate.swift */,
				E4D898052293A49B000419B2 /* ViewController.swift */,
				E47F66F4258FF17B00E0A42C /* Main-Pad.storyboard */,
				E4D898072293A49B000419B2 /* Main.storyboard */,
				E4C5C8D222B3F5CC00F234DA /* MapViewController.swift */,
				E49CCD8122B15F2D00F53ECE /* slideshowCollectionViewCell.swift */,
				E49019172297BF3000B42A87 /* SelectedParkViewController.swift */,
				E4D898192293B8FA000419B2 /* ParkListTableViewController.swift */,
				E4D6302122B1F7D600225A20 /* searchResultsTableViewCell.swift */,
				E4D8981B2293B97A000419B2 /* URL+Helpers.swift */,
				E4D8981D2293B983000419B2 /* StoreItemsController.swift */,
				E4D898172293B3CD000419B2 /* Park.swift */,
				E4D0BC9822B0524100C7AF98 /* CopyPaste.swift */,
				E4D0BC9022B0268800C7AF98 /* VC,Alerts */,
				E4D0BC8F22B0264600C7AF98 /* Campgrounds */,
				E4D0BC8D22B0261200C7AF98 /* Events */,
				E4D0BC9122B026B400C7AF98 /* Education */,
				E4FAAEFB22B09E49000E62EC /* News */,
				E4D8980A2293A49C000419B2 /* Assets.xcassets */,
				E4D8980C2293A49C000419B2 /* LaunchScreen.storyboard */,
				E4D8980F2293A49C000419B2 /* Info.plist */,
			);
			path = "CapitalOneSES-August2019Submit";
			sourceTree = "<group>";
		};
		E4FAAEFB22B09E49000E62EC /* News */ = {
			isa = PBXGroup;
			children = (
				E4FAAEFC22B09E9B000E62EC /* News.swift */,
				E4FAAEFE22B09EA8000E62EC /* NewsViewController.swift */,
				E4FAAF0022B09EC5000E62EC /* NewsTableViewCell.swift */,
			);
			name = News;
			sourceTree = "<group>";
		};
/* End PBXGroup section */

/* Begin PBXNativeTarget section */
		E4D897FF2293A49B000419B2 /* CapitalOneSES-August2019Submit */ = {
			isa = PBXNativeTarget;
			buildConfigurationList = E4D898122293A49C000419B2 /* Build configuration list for PBXNativeTarget "CapitalOneSES-August2019Submit" */;
			buildPhases = (
				D2BFB2DD3F85D4D762347CEC /* [CP] Check Pods Manifest.lock */,
				E4D897FC2293A49B000419B2 /* Sources */,
				E4D897FD2293A49B000419B2 /* Frameworks */,
				E4D897FE2293A49B000419B2 /* Resources */,
				4EB67207BC5B45641F8F4687 /* [CP] Embed Pods Frameworks */,
			);
			buildRules = (
			);
			dependencies = (
			);
			name = "CapitalOneSES-August2019Submit";
			productName = "CapitalOneSES-August2019Submit";
			productReference = E4D898002293A49B000419B2 /* CapitalOneSES-August2019Submit.app */;
			productType = "com.apple.product-type.application";
		};
/* End PBXNativeTarget section */

/* Begin PBXProject section */
		E4D897F82293A49B000419B2 /* Project object */ = {
			isa = PBXProject;
			attributes = {
				LastSwiftUpdateCheck = 1020;
				LastUpgradeCheck = 1230;
				ORGANIZATIONNAME = "Sam Blum";
				TargetAttributes = {
					E4D897FF2293A49B000419B2 = {
						CreatedOnToolsVersion = 10.2.1;
					};
				};
			};
			buildConfigurationList = E4D897FB2293A49B000419B2 /* Build configuration list for PBXProject "CapitalOneSES-August2019Submit" */;
			compatibilityVersion = "Xcode 9.3";
			developmentRegion = en;
			hasScannedForEncodings = 0;
			knownRegions = (
				en,
				Base,
			);
			mainGroup = E4D897F72293A49B000419B2;
			productRefGroup = E4D898012293A49B000419B2 /* Products */;
			projectDirPath = "";
			projectRoot = "";
			targets = (
				E4D897FF2293A49B000419B2 /* CapitalOneSES-August2019Submit */,
			);
		};
/* End PBXProject section */

/* Begin PBXResourcesBuildPhase section */
		E4D897FE2293A49B000419B2 /* Resources */ = {
			isa = PBXResourcesBuildPhase;
			buildActionMask = 2147483647;
			files = (
				E4D8980E2293A49C000419B2 /* LaunchScreen.storyboard in Resources */,
				E47F66F6258FF17B00E0A42C /* Main-Pad.storyboard in Resources */,
				E4D8980B2293A49C000419B2 /* Assets.xcassets in Resources */,
				E4D898092293A49B000419B2 /* Main.storyboard in Resources */,
			);
			runOnlyForDeploymentPostprocessing = 0;
		};
/* End PBXResourcesBuildPhase section */

/* Begin PBXShellScriptBuildPhase section */
		4EB67207BC5B45641F8F4687 /* [CP] Embed Pods Frameworks */ = {
			isa = PBXShellScriptBuildPhase;
			buildActionMask = 2147483647;
			files = (
			);
			inputFileListPaths = (
				"${PODS_ROOT}/Target Support Files/Pods-CapitalOneSES-August2019Submit/Pods-CapitalOneSES-August2019Submit-frameworks-${CONFIGURATION}-input-files.xcfilelist",
			);
			name = "[CP] Embed Pods Frameworks";
			outputFileListPaths = (
				"${PODS_ROOT}/Target Support Files/Pods-CapitalOneSES-August2019Submit/Pods-CapitalOneSES-August2019Submit-frameworks-${CONFIGURATION}-output-files.xcfilelist",
			);
			runOnlyForDeploymentPostprocessing = 0;
			shellPath = /bin/sh;
			shellScript = "\"${PODS_ROOT}/Target Support Files/Pods-CapitalOneSES-August2019Submit/Pods-CapitalOneSES-August2019Submit-frameworks.sh\"\n";
			showEnvVarsInLog = 0;
		};
		D2BFB2DD3F85D4D762347CEC /* [CP] Check Pods Manifest.lock */ = {
			isa = PBXShellScriptBuildPhase;
			buildActionMask = 2147483647;
			files = (
			);
			inputFileListPaths = (
			);
			inputPaths = (
				"${PODS_PODFILE_DIR_PATH}/Podfile.lock",
				"${PODS_ROOT}/Manifest.lock",
			);
			name = "[CP] Check Pods Manifest.lock";
			outputFileListPaths = (
			);
			outputPaths = (
				"$(DERIVED_FILE_DIR)/Pods-CapitalOneSES-August2019Submit-checkManifestLockResult.txt",
			);
			runOnlyForDeploymentPostprocessing = 0;
			shellPath = /bin/sh;
			shellScript = "diff \"${PODS_PODFILE_DIR_PATH}/Podfile.lock\" \"${PODS_ROOT}/Manifest.lock\" > /dev/null\nif [ $? != 0 ] ; then\n    # print error to STDERR\n    echo \"error: The sandbox is not in sync with the Podfile.lock. Run 'pod install' or update your CocoaPods installation.\" >&2\n    exit 1\nfi\n# This output is used by Xcode 'outputs' to avoid re-running this script phase.\necho \"SUCCESS\" > \"${SCRIPT_OUTPUT_FILE_0}\"\n";
			showEnvVarsInLog = 0;
		};
/* End PBXShellScriptBuildPhase section */

/* Begin PBXSourcesBuildPhase section */
		E4D897FC2293A49B000419B2 /* Sources */ = {
			isa = PBXSourcesBuildPhase;
			buildActionMask = 2147483647;
			files = (
				E4D898062293A49B000419B2 /* ViewController.swift in Sources */,
				E4D8981E2293B983000419B2 /* StoreItemsController.swift in Sources */,
				E4D0BC9922B0524100C7AF98 /* CopyPaste.swift in Sources */,
				E4D8981C2293B97A000419B2 /* URL+Helpers.swift in Sources */,
				E45FBD1122ADCCED00A9570F /* CampgroundsTableViewCell.swift in Sources */,
				E4CFEA0B22AEF307006E5C48 /* Events.swift in Sources */,
				E4D6302222B1F7D600225A20 /* searchResultsTableViewCell.swift in Sources */,
				E4D8981A2293B8FA000419B2 /* ParkListTableViewController.swift in Sources */,
				E4D0BC9522B0296300C7AF98 /* QuestionTableViewCell.swift in Sources */,
				E49CCD8022B1391700F53ECE /* MoreInfoTableViewCell.swift in Sources */,
				E4FAAF0122B09EC5000E62EC /* NewsTableViewCell.swift in Sources */,
				E4D898042293A49B000419B2 /* AppDelegate.swift in Sources */,
				E45FBD0B22ADBE9800A9570F /* Campgrounds.swift in Sources */,
				E4D0BC8822B0247100C7AF98 /* Education.swift in Sources */,
				E4CFEA0D22AEF3E1006E5C48 /* EventsTableViewController.swift in Sources */,
				E4D898182293B3CD000419B2 /* Park.swift in Sources */,
				E45FBD0922AD894500A9570F /* Alerts.swift in Sources */,
				E40B55FC22AB5F2800EF455C /* MoreInfoViewController.swift in Sources */,
				E4FAAEFF22B09EA8000E62EC /* NewsViewController.swift in Sources */,
				E49CCD8222B15F2D00F53ECE /* slideshowCollectionViewCell.swift in Sources */,
				E4CFEA0F22AEF3EE006E5C48 /* EventsTableViewCell.swift in Sources */,
				E4D0BC9722B029D600C7AF98 /* EducationViewController.swift in Sources */,
				E4C5C8D322B3F5CC00F234DA /* MapViewController.swift in Sources */,
				E45FBD0F22ADC6DE00A9570F /* CampgroundsTableViewController.swift in Sources */,
				E4FAAEFD22B09E9B000E62EC /* News.swift in Sources */,
				E49019182297BF3000B42A87 /* SelectedParkViewController.swift in Sources */,
				E40B55FA22AB5AF500EF455C /* VisitorCenter.swift in Sources */,
			);
			runOnlyForDeploymentPostprocessing = 0;
		};
/* End PBXSourcesBuildPhase section */

/* Begin PBXVariantGroup section */
		E47F66F4258FF17B00E0A42C /* Main-Pad.storyboard */ = {
			isa = PBXVariantGroup;
			children = (
				E47F66F5258FF17B00E0A42C /* Base */,
			);
			name = "Main-Pad.storyboard";
			sourceTree = "<group>";
		};
		E4D898072293A49B000419B2 /* Main.storyboard */ = {
			isa = PBXVariantGroup;
			children = (
				E4D898082293A49B000419B2 /* Base */,
			);
			name = Main.storyboard;
			sourceTree = "<group>";
		};
		E4D8980C2293A49C000419B2 /* LaunchScreen.storyboard */ = {
			isa = PBXVariantGroup;
			children = (
				E4D8980D2293A49C000419B2 /* Base */,
			);
			name = LaunchScreen.storyboard;
			sourceTree = "<group>";
		};
/* End PBXVariantGroup section */

/* Begin XCBuildConfiguration section */
		E4D898102293A49C000419B2 /* Debug */ = {
			isa = XCBuildConfiguration;
			buildSettings = {
				ALWAYS_SEARCH_USER_PATHS = NO;
				CLANG_ANALYZER_NONNULL = YES;
				CLANG_ANALYZER_NUMBER_OBJECT_CONVERSION = YES_AGGRESSIVE;
				CLANG_CXX_LANGUAGE_STANDARD = "gnu++14";
				CLANG_CXX_LIBRARY = "libc++";
				CLANG_ENABLE_MODULES = YES;
				CLANG_ENABLE_OBJC_ARC = YES;
				CLANG_ENABLE_OBJC_WEAK = YES;
				CLANG_WARN_BLOCK_CAPTURE_AUTORELEASING = YES;
				CLANG_WARN_BOOL_CONVERSION = YES;
				CLANG_WARN_COMMA = YES;
				CLANG_WARN_CONSTANT_CONVERSION = YES;
				CLANG_WARN_DEPRECATED_OBJC_IMPLEMENTATIONS = YES;
				CLANG_WARN_DIRECT_OBJC_ISA_USAGE = YES_ERROR;
				CLANG_WARN_DOCUMENTATION_COMMENTS = YES;
				CLANG_WARN_EMPTY_BODY = YES;
				CLANG_WARN_ENUM_CONVERSION = YES;
				CLANG_WARN_INFINITE_RECURSION = YES;
				CLANG_WARN_INT_CONVERSION = YES;
				CLANG_WARN_NON_LITERAL_NULL_CONVERSION = YES;
				CLANG_WARN_OBJC_IMPLICIT_RETAIN_SELF = YES;
				CLANG_WARN_OBJC_LITERAL_CONVERSION = YES;
				CLANG_WARN_OBJC_ROOT_CLASS = YES_ERROR;
				CLANG_WARN_QUOTED_INCLUDE_IN_FRAMEWORK_HEADER = YES;
				CLANG_WARN_RANGE_LOOP_ANALYSIS = YES;
				CLANG_WARN_STRICT_PROTOTYPES = YES;
				CLANG_WARN_SUSPICIOUS_MOVE = YES;
				CLANG_WARN_UNGUARDED_AVAILABILITY = YES_AGGRESSIVE;
				CLANG_WARN_UNREACHABLE_CODE = YES;
				CLANG_WARN__DUPLICATE_METHOD_MATCH = YES;
				CODE_SIGN_IDENTITY = "iPhone Developer";
				COPY_PHASE_STRIP = NO;
				DEBUG_INFORMATION_FORMAT = dwarf;
				ENABLE_STRICT_OBJC_MSGSEND = YES;
				ENABLE_TESTABILITY = YES;
				GCC_C_LANGUAGE_STANDARD = gnu11;
				GCC_DYNAMIC_NO_PIC = NO;
				GCC_NO_COMMON_BLOCKS = YES;
				GCC_OPTIMIZATION_LEVEL = 0;
				GCC_PREPROCESSOR_DEFINITIONS = (
					"DEBUG=1",
					"$(inherited)",
				);
				GCC_WARN_64_TO_32_BIT_CONVERSION = YES;
				GCC_WARN_ABOUT_RETURN_TYPE = YES_ERROR;
				GCC_WARN_UNDECLARED_SELECTOR = YES;
				GCC_WARN_UNINITIALIZED_AUTOS = YES_AGGRESSIVE;
				GCC_WARN_UNUSED_FUNCTION = YES;
				GCC_WARN_UNUSED_VARIABLE = YES;
				IPHONEOS_DEPLOYMENT_TARGET = 13.2;
				MTL_ENABLE_DEBUG_INFO = INCLUDE_SOURCE;
				MTL_FAST_MATH = YES;
				ONLY_ACTIVE_ARCH = YES;
				SDKROOT = iphoneos;
				SWIFT_ACTIVE_COMPILATION_CONDITIONS = DEBUG;
				SWIFT_OPTIMIZATION_LEVEL = "-Onone";
			};
			name = Debug;
		};
		E4D898112293A49C000419B2 /* Release */ = {
			isa = XCBuildConfiguration;
			buildSettings = {
				ALWAYS_SEARCH_USER_PATHS = NO;
				CLANG_ANALYZER_NONNULL = YES;
				CLANG_ANALYZER_NUMBER_OBJECT_CONVERSION = YES_AGGRESSIVE;
				CLANG_CXX_LANGUAGE_STANDARD = "gnu++14";
				CLANG_CXX_LIBRARY = "libc++";
				CLANG_ENABLE_MODULES = YES;
				CLANG_ENABLE_OBJC_ARC = YES;
				CLANG_ENABLE_OBJC_WEAK = YES;
				CLANG_WARN_BLOCK_CAPTURE_AUTORELEASING = YES;
				CLANG_WARN_BOOL_CONVERSION = YES;
				CLANG_WARN_COMMA = YES;
				CLANG_WARN_CONSTANT_CONVERSION = YES;
				CLANG_WARN_DEPRECATED_OBJC_IMPLEMENTATIONS = YES;
				CLANG_WARN_DIRECT_OBJC_ISA_USAGE = YES_ERROR;
				CLANG_WARN_DOCUMENTATION_COMMENTS = YES;
				CLANG_WARN_EMPTY_BODY = YES;
				CLANG_WARN_ENUM_CONVERSION = YES;
				CLANG_WARN_INFINITE_RECURSION = YES;
				CLANG_WARN_INT_CONVERSION = YES;
				CLANG_WARN_NON_LITERAL_NULL_CONVERSION = YES;
				CLANG_WARN_OBJC_IMPLICIT_RETAIN_SELF = YES;
				CLANG_WARN_OBJC_LITERAL_CONVERSION = YES;
				CLANG_WARN_OBJC_ROOT_CLASS = YES_ERROR;
				CLANG_WARN_QUOTED_INCLUDE_IN_FRAMEWORK_HEADER = YES;
				CLANG_WARN_RANGE_LOOP_ANALYSIS = YES;
				CLANG_WARN_STRICT_PROTOTYPES = YES;
				CLANG_WARN_SUSPICIOUS_MOVE = YES;
				CLANG_WARN_UNGUARDED_AVAILABILITY = YES_AGGRESSIVE;
				CLANG_WARN_UNREACHABLE_CODE = YES;
				CLANG_WARN__DUPLICATE_METHOD_MATCH = YES;
				CODE_SIGN_IDENTITY = "iPhone Developer";
				COPY_PHASE_STRIP = NO;
				DEBUG_INFORMATION_FORMAT = "dwarf-with-dsym";
				ENABLE_NS_ASSERTIONS = NO;
				ENABLE_STRICT_OBJC_MSGSEND = YES;
				GCC_C_LANGUAGE_STANDARD = gnu11;
				GCC_NO_COMMON_BLOCKS = YES;
				GCC_WARN_64_TO_32_BIT_CONVERSION = YES;
				GCC_WARN_ABOUT_RETURN_TYPE = YES_ERROR;
				GCC_WARN_UNDECLARED_SELECTOR = YES;
				GCC_WARN_UNINITIALIZED_AUTOS = YES_AGGRESSIVE;
				GCC_WARN_UNUSED_FUNCTION = YES;
				GCC_WARN_UNUSED_VARIABLE = YES;
				IPHONEOS_DEPLOYMENT_TARGET = 13.2;
				MTL_ENABLE_DEBUG_INFO = NO;
				MTL_FAST_MATH = YES;
				SDKROOT = iphoneos;
				SWIFT_COMPILATION_MODE = wholemodule;
				SWIFT_OPTIMIZATION_LEVEL = "-O";
				VALIDATE_PRODUCT = YES;
			};
			name = Release;
		};
		E4D898132293A49C000419B2 /* Debug */ = {
			isa = XCBuildConfiguration;
			baseConfigurationReference = B5850451EE9C55099C4F46DC /* Pods-CapitalOneSES-August2019Submit.debug.xcconfig */;
			buildSettings = {
				ASSETCATALOG_COMPILER_APPICON_NAME = AppIcon;
				CODE_SIGN_STYLE = Automatic;
				CURRENT_PROJECT_VERSION = 4.2.2;
				DEVELOPMENT_TEAM = AXQRK9KY57;
				"EXCLUDED_ARCHS[sdk=iphonesimulator*]" = arm64;
				INFOPLIST_FILE = "CapitalOneSES-August2019Submit/Info.plist";
				IPHONEOS_DEPLOYMENT_TARGET = 13.2;
				LD_RUNPATH_SEARCH_PATHS = (
					"$(inherited)",
					"@executable_path/Frameworks",
				);
				MARKETING_VERSION = 4.2;
				OTHER_LDFLAGS = "$(inherited)";
				PRODUCT_BUNDLE_IDENTIFIER = "com.myexample.CapitalOneSES-August2019Submit";
				PRODUCT_NAME = "$(TARGET_NAME)";
				SWIFT_VERSION = 5.0;
				TARGETED_DEVICE_FAMILY = "1,2";
			};
			name = Debug;
		};
		E4D898142293A49C000419B2 /* Release */ = {
			isa = XCBuildConfiguration;
			baseConfigurationReference = 9F619C2E97BC30FF7DF278AC /* Pods-CapitalOneSES-August2019Submit.release.xcconfig */;
			buildSettings = {
				ASSETCATALOG_COMPILER_APPICON_NAME = AppIcon;
				CODE_SIGN_STYLE = Automatic;
				CURRENT_PROJECT_VERSION = 4.2.2;
				DEVELOPMENT_TEAM = AXQRK9KY57;
				"EXCLUDED_ARCHS[sdk=iphonesimulator*]" = arm64;
				INFOPLIST_FILE = "CapitalOneSES-August2019Submit/Info.plist";
				IPHONEOS_DEPLOYMENT_TARGET = 13.2;
				LD_RUNPATH_SEARCH_PATHS = (
					"$(inherited)",
					"@executable_path/Frameworks",
				);
				MARKETING_VERSION = 4.2;
				OTHER_LDFLAGS = "$(inherited)";
				PRODUCT_BUNDLE_IDENTIFIER = "com.myexample.CapitalOneSES-August2019Submit";
				PRODUCT_NAME = "$(TARGET_NAME)";
				SWIFT_VERSION = 5.0;
				TARGETED_DEVICE_FAMILY = "1,2";
			};
			name = Release;
		};
/* End XCBuildConfiguration section */

/* Begin XCConfigurationList section */
		E4D897FB2293A49B000419B2 /* Build configuration list for PBXProject "CapitalOneSES-August2019Submit" */ = {
			isa = XCConfigurationList;
			buildConfigurations = (
				E4D898102293A49C000419B2 /* Debug */,
				E4D898112293A49C000419B2 /* Release */,
			);
			defaultConfigurationIsVisible = 0;
			defaultConfigurationName = Release;
		};
		E4D898122293A49C000419B2 /* Build configuration list for PBXNativeTarget "CapitalOneSES-August2019Submit" */ = {
			isa = XCConfigurationList;
			buildConfigurations = (
				E4D898132293A49C000419B2 /* Debug */,
				E4D898142293A49C000419B2 /* Release */,
			);
			defaultConfigurationIsVisible = 0;
			defaultConfigurationName = Release;
		};
/* End XCConfigurationList section */
	};
	rootObject = E4D897F82293A49B000419B2 /* Project object */;
}
